// !$*UTF8*$!
{
	archiveVersion = 1;
	classes = {
	};
	objectVersion = 56;
	objects = {

/* Begin PBXBuildFile section */
		2CDC2ED129E669D0005A97E8 /* GPACalculator.swift in Sources */ = {isa = PBXBuildFile; fileRef = 2CDC2ED029E669D0005A97E8 /* GPACalculator.swift */; };
		2CDC2ED329E66D3F005A97E8 /* ClassModel.swift in Sources */ = {isa = PBXBuildFile; fileRef = 2CDC2ED229E66D3F005A97E8 /* ClassModel.swift */; };
		2CDC2ED529E66D52005A97E8 /* Assignment.swift in Sources */ = {isa = PBXBuildFile; fileRef = 2CDC2ED429E66D52005A97E8 /* Assignment.swift */; };
		2CDC2ED729E66E08005A97E8 /* AddClassView.swift in Sources */ = {isa = PBXBuildFile; fileRef = 2CDC2ED629E66E08005A97E8 /* AddClassView.swift */; };
		2CDC2ED929E67123005A97E8 /* SelectClassView.swift in Sources */ = {isa = PBXBuildFile; fileRef = 2CDC2ED829E67123005A97E8 /* SelectClassView.swift */; };
		2CDC2EDB29E67173005A97E8 /* ClassDetailView.swift in Sources */ = {isa = PBXBuildFile; fileRef = 2CDC2EDA29E67173005A97E8 /* ClassDetailView.swift */; };
		2CDC2EDD29E671CD005A97E8 /* AddAssignmentView.swift in Sources */ = {isa = PBXBuildFile; fileRef = 2CDC2EDC29E671CD005A97E8 /* AddAssignmentView.swift */; };
		2CDC2EDF29E675D8005A97E8 /* CalculateTargetGradeView.swift in Sources */ = {isa = PBXBuildFile; fileRef = 2CDC2EDE29E675D8005A97E8 /* CalculateTargetGradeView.swift */; };
		2CE74A0329CA7B4B00C98668 /* GPACalculatorApp.swift in Sources */ = {isa = PBXBuildFile; fileRef = 2CE74A0229CA7B4B00C98668 /* GPACalculatorApp.swift */; };
		2CE74A0529CA7B4B00C98668 /* ContentView.swift in Sources */ = {isa = PBXBuildFile; fileRef = 2CE74A0429CA7B4B00C98668 /* ContentView.swift */; };
		2CE74A0729CA7B4E00C98668 /* Assets.xcassets in Resources */ = {isa = PBXBuildFile; fileRef = 2CE74A0629CA7B4E00C98668 /* Assets.xcassets */; };
		2CE74A0A29CA7B4E00C98668 /* Preview Assets.xcassets in Resources */ = {isa = PBXBuildFile; fileRef = 2CE74A0929CA7B4E00C98668 /* Preview Assets.xcassets */; };
/* End PBXBuildFile section */

/* Begin PBXFileReference section */
		2CDC2ED029E669D0005A97E8 /* GPACalculator.swift */ = {isa = PBXFileReference; lastKnownFileType = sourcecode.swift; path = GPACalculator.swift; sourceTree = "<group>"; };
		2CDC2ED229E66D3F005A97E8 /* ClassModel.swift */ = {isa = PBXFileReference; lastKnownFileType = sourcecode.swift; path = ClassModel.swift; sourceTree = "<group>"; };
		2CDC2ED429E66D52005A97E8 /* Assignment.swift */ = {isa = PBXFileReference; lastKnownFileType = sourcecode.swift; path = Assignment.swift; sourceTree = "<group>"; };
		2CDC2ED629E66E08005A97E8 /* AddClassView.swift */ = {isa = PBXFileReference; lastKnownFileType = sourcecode.swift; path = AddClassView.swift; sourceTree = "<group>"; };
		2CDC2ED829E67123005A97E8 /* SelectClassView.swift */ = {isa = PBXFileReference; lastKnownFileType = sourcecode.swift; path = SelectClassView.swift; sourceTree = "<group>"; };
		2CDC2EDA29E67173005A97E8 /* ClassDetailView.swift */ = {isa = PBXFileReference; lastKnownFileType = sourcecode.swift; path = ClassDetailView.swift; sourceTree = "<group>"; };
		2CDC2EDC29E671CD005A97E8 /* AddAssignmentView.swift */ = {isa = PBXFileReference; lastKnownFileType = sourcecode.swift; path = AddAssignmentView.swift; sourceTree = "<group>"; };
		2CDC2EDE29E675D8005A97E8 /* CalculateTargetGradeView.swift */ = {isa = PBXFileReference; lastKnownFileType = sourcecode.swift; path = CalculateTargetGradeView.swift; sourceTree = "<group>"; };
		2CE749FF29CA7B4B00C98668 /* GPACalculator.app */ = {isa = PBXFileReference; explicitFileType = wrapper.application; includeInIndex = 0; path = GPACalculator.app; sourceTree = BUILT_PRODUCTS_DIR; };
		2CE74A0229CA7B4B00C98668 /* GPACalculatorApp.swift */ = {isa = PBXFileReference; lastKnownFileType = sourcecode.swift; path = GPACalculatorApp.swift; sourceTree = "<group>"; };
		2CE74A0429CA7B4B00C98668 /* ContentView.swift */ = {isa = PBXFileReference; lastKnownFileType = sourcecode.swift; path = ContentView.swift; sourceTree = "<group>"; };
		2CE74A0629CA7B4E00C98668 /* Assets.xcassets */ = {isa = PBXFileReference; lastKnownFileType = folder.assetcatalog; path = Assets.xcassets; sourceTree = "<group>"; };
		2CE74A0929CA7B4E00C98668 /* Preview Assets.xcassets */ = {isa = PBXFileReference; lastKnownFileType = folder.assetcatalog; path = "Preview Assets.xcassets"; sourceTree = "<group>"; };
/* End PBXFileReference section */

/* Begin PBXFrameworksBuildPhase section */
		2CE749FC29CA7B4B00C98668 /* Frameworks */ = {
			isa = PBXFrameworksBuildPhase;
			buildActionMask = 2147483647;
			files = (
			);
			runOnlyForDeploymentPostprocessing = 0;
		};
/* End PBXFrameworksBuildPhase section */

/* Begin PBXGroup section */
		2CE749F629CA7B4B00C98668 = {
			isa = PBXGroup;
			children = (
				2CE74A0129CA7B4B00C98668 /* GPACalculator */,
				2CE74A0029CA7B4B00C98668 /* Products */,
			);
			sourceTree = "<group>";
		};
		2CE74A0029CA7B4B00C98668 /* Products */ = {
			isa = PBXGroup;
			children = (
				2CE749FF29CA7B4B00C98668 /* GPACalculator.app */,
			);
			name = Products;
			sourceTree = "<group>";
		};
		2CE74A0129CA7B4B00C98668 /* GPACalculator */ = {
			isa = PBXGroup;
			children = (
				2CE74A0229CA7B4B00C98668 /* GPACalculatorApp.swift */,
				2CE74A0429CA7B4B00C98668 /* ContentView.swift */,
				2CDC2EDA29E67173005A97E8 /* ClassDetailView.swift */,
				2CDC2EDE29E675D8005A97E8 /* CalculateTargetGradeView.swift */,
				2CDC2ED829E67123005A97E8 /* SelectClassView.swift */,
				2CDC2EDC29E671CD005A97E8 /* AddAssignmentView.swift */,
				2CE74A0629CA7B4E00C98668 /* Assets.xcassets */,
				2CDC2ED029E669D0005A97E8 /* GPACalculator.swift */,
				2CDC2ED629E66E08005A97E8 /* AddClassView.swift */,
				2CDC2ED229E66D3F005A97E8 /* ClassModel.swift */,
				2CDC2ED429E66D52005A97E8 /* Assignment.swift */,
				2CE74A0829CA7B4E00C98668 /* Preview Content */,
			);
			path = GPACalculator;
			sourceTree = "<group>";
		};
		2CE74A0829CA7B4E00C98668 /* Preview Content */ = {
			isa = PBXGroup;
			children = (
				2CE74A0929CA7B4E00C98668 /* Preview Assets.xcassets */,
			);
			path = "Preview Content";
			sourceTree = "<group>";
		};
/* End PBXGroup section */

/* Begin PBXNativeTarget section */
		2CE749FE29CA7B4B00C98668 /* GPACalculator */ = {
			isa = PBXNativeTarget;
			buildConfigurationList = 2CE74A0D29CA7B4E00C98668 /* Build configuration list for PBXNativeTarget "GPACalculator" */;
			buildPhases = (
				2CE749FB29CA7B4B00C98668 /* Sources */,
				2CE749FC29CA7B4B00C98668 /* Frameworks */,
				2CE749FD29CA7B4B00C98668 /* Resources */,
			);
			buildRules = (
			);
			dependencies = (
			);
			name = GPACalculator;
			productName = GPACalculator;
			productReference = 2CE749FF29CA7B4B00C98668 /* GPACalculator.app */;
			productType = "com.apple.product-type.application";
		};
/* End PBXNativeTarget section */

/* Begin PBXProject section */
		2CE749F729CA7B4B00C98668 /* Project object */ = {
			isa = PBXProject;
			attributes = {
				BuildIndependentTargetsInParallel = 1;
				LastSwiftUpdateCheck = 1420;
				LastUpgradeCheck = 1420;
				TargetAttributes = {
					2CE749FE29CA7B4B00C98668 = {
						CreatedOnToolsVersion = 14.2;
					};
				};
			};
			buildConfigurationList = 2CE749FA29CA7B4B00C98668 /* Build configuration list for PBXProject "GPACalculator" */;
			compatibilityVersion = "Xcode 14.0";
			developmentRegion = en;
			hasScannedForEncodings = 0;
			knownRegions = (
				en,
				Base,
			);
			mainGroup = 2CE749F629CA7B4B00C98668;
			productRefGroup = 2CE74A0029CA7B4B00C98668 /* Products */;
			projectDirPath = "";
			projectRoot = "";
			targets = (
				2CE749FE29CA7B4B00C98668 /* GPACalculator */,
			);
		};
/* End PBXProject section */

/* Begin PBXResourcesBuildPhase section */
		2CE749FD29CA7B4B00C98668 /* Resources */ = {
			isa = PBXResourcesBuildPhase;
			buildActionMask = 2147483647;
			files = (
				2CE74A0A29CA7B4E00C98668 /* Preview Assets.xcassets in Resources */,
				2CE74A0729CA7B4E00C98668 /* Assets.xcassets in Resources */,
			);
			runOnlyForDeploymentPostprocessing = 0;
		};
/* End PBXResourcesBuildPhase section */

/* Begin PBXSourcesBuildPhase section */
		2CE749FB29CA7B4B00C98668 /* Sources */ = {
			isa = PBXSourcesBuildPhase;
			buildActionMask = 2147483647;
			files = (
				2CDC2ED929E67123005A97E8 /* SelectClassView.swift in Sources */,
				2CE74A0529CA7B4B00C98668 /* ContentView.swift in Sources */,
				2CDC2ED729E66E08005A97E8 /* AddClassView.swift in Sources */,
				2CE74A0329CA7B4B00C98668 /* GPACalculatorApp.swift in Sources */,
				2CDC2EDF29E675D8005A97E8 /* CalculateTargetGradeView.swift in Sources */,
				2CDC2EDB29E67173005A97E8 /* ClassDetailView.swift in Sources */,
				2CDC2ED329E66D3F005A97E8 /* ClassModel.swift in Sources */,
				2CDC2EDD29E671CD005A97E8 /* AddAssignmentView.swift in Sources */,
				2CDC2ED529E66D52005A97E8 /* Assignment.swift in Sources */,
				2CDC2ED129E669D0005A97E8 /* GPACalculator.swift in Sources */,
			);
			runOnlyForDeploymentPostprocessing = 0;
		};
/* End PBXSourcesBuildPhase section */

/* Begin XCBuildConfiguration section */
		2CE74A0B29CA7B4E00C98668 /* Debug */ = {
			isa = XCBuildConfiguration;
			buildSettings = {
				ALWAYS_SEARCH_USER_PATHS = NO;
				CLANG_ANALYZER_NONNULL = YES;
				CLANG_ANALYZER_NUMBER_OBJECT_CONVERSION = YES_AGGRESSIVE;
				CLANG_CXX_LANGUAGE_STANDARD = "gnu++20";
				CLANG_ENABLE_MODULES = YES;
				CLANG_ENABLE_OBJC_ARC = YES;
				CLANG_ENABLE_OBJC_WEAK = YES;
				CLANG_WARN_BLOCK_CAPTURE_AUTORELEASING = YES;
				CLANG_WARN_BOOL_CONVERSION = YES;
				CLANG_WARN_COMMA = YES;
				CLANG_WARN_CONSTANT_CONVERSION = YES;
				CLANG_WARN_DEPRECATED_OBJC_IMPLEMENTATIONS = YES;
				CLANG_WARN_DIRECT_OBJC_ISA_USAGE = YES_ERROR;
				CLANG_WARN_DOCUMENTATION_COMMENTS = YES;
				CLANG_WARN_EMPTY_BODY = YES;
				CLANG_WARN_ENUM_CONVERSION = YES;
				CLANG_WARN_INFINITE_RECURSION = YES;
				CLANG_WARN_INT_CONVERSION = YES;
				CLANG_WARN_NON_LITERAL_NULL_CONVERSION = YES;
				CLANG_WARN_OBJC_IMPLICIT_RETAIN_SELF = YES;
				CLANG_WARN_OBJC_LITERAL_CONVERSION = YES;
				CLANG_WARN_OBJC_ROOT_CLASS = YES_ERROR;
				CLANG_WARN_QUOTED_INCLUDE_IN_FRAMEWORK_HEADER = YES;
				CLANG_WARN_RANGE_LOOP_ANALYSIS = YES;
				CLANG_WARN_STRICT_PROTOTYPES = YES;
				CLANG_WARN_SUSPICIOUS_MOVE = YES;
				CLANG_WARN_UNGUARDED_AVAILABILITY = YES_AGGRESSIVE;
				CLANG_WARN_UNREACHABLE_CODE = YES;
				CLANG_WARN__DUPLICATE_METHOD_MATCH = YES;
				COPY_PHASE_STRIP = NO;
				DEBUG_INFORMATION_FORMAT = dwarf;
				ENABLE_STRICT_OBJC_MSGSEND = YES;
				ENABLE_TESTABILITY = YES;
				GCC_C_LANGUAGE_STANDARD = gnu11;
				GCC_DYNAMIC_NO_PIC = NO;
				GCC_NO_COMMON_BLOCKS = YES;
				GCC_OPTIMIZATION_LEVEL = 0;
				GCC_PREPROCESSOR_DEFINITIONS = (
					"DEBUG=1",
					"$(inherited)",
				);
				GCC_WARN_64_TO_32_BIT_CONVERSION = YES;
				GCC_WARN_ABOUT_RETURN_TYPE = YES_ERROR;
				GCC_WARN_UNDECLARED_SELECTOR = YES;
				GCC_WARN_UNINITIALIZED_AUTOS = YES_AGGRESSIVE;
				GCC_WARN_UNUSED_FUNCTION = YES;
				GCC_WARN_UNUSED_VARIABLE = YES;
				IPHONEOS_DEPLOYMENT_TARGET = 16.2;
				MTL_ENABLE_DEBUG_INFO = INCLUDE_SOURCE;
				MTL_FAST_MATH = YES;
				ONLY_ACTIVE_ARCH = YES;
				SDKROOT = iphoneos;
				SWIFT_ACTIVE_COMPILATION_CONDITIONS = DEBUG;
				SWIFT_OPTIMIZATION_LEVEL = "-Onone";
			};
			name = Debug;
		};
		2CE74A0C29CA7B4E00C98668 /* Release */ = {
			isa = XCBuildConfiguration;
			buildSettings = {
				ALWAYS_SEARCH_USER_PATHS = NO;
				CLANG_ANALYZER_NONNULL = YES;
				CLANG_ANALYZER_NUMBER_OBJECT_CONVERSION = YES_AGGRESSIVE;
				CLANG_CXX_LANGUAGE_STANDARD = "gnu++20";
				CLANG_ENABLE_MODULES = YES;
				CLANG_ENABLE_OBJC_ARC = YES;
				CLANG_ENABLE_OBJC_WEAK = YES;
				CLANG_WARN_BLOCK_CAPTURE_AUTORELEASING = YES;
				CLANG_WARN_BOOL_CONVERSION = YES;
				CLANG_WARN_COMMA = YES;
				CLANG_WARN_CONSTANT_CONVERSION = YES;
				CLANG_WARN_DEPRECATED_OBJC_IMPLEMENTATIONS = YES;
				CLANG_WARN_DIRECT_OBJC_ISA_USAGE = YES_ERROR;
				CLANG_WARN_DOCUMENTATION_COMMENTS = YES;
				CLANG_WARN_EMPTY_BODY = YES;
				CLANG_WARN_ENUM_CONVERSION = YES;
				CLANG_WARN_INFINITE_RECURSION = YES;
				CLANG_WARN_INT_CONVERSION = YES;
				CLANG_WARN_NON_LITERAL_NULL_CONVERSION = YES;
				CLANG_WARN_OBJC_IMPLICIT_RETAIN_SELF = YES;
				CLANG_WARN_OBJC_LITERAL_CONVERSION = YES;
				CLANG_WARN_OBJC_ROOT_CLASS = YES_ERROR;
				CLANG_WARN_QUOTED_INCLUDE_IN_FRAMEWORK_HEADER = YES;
				CLANG_WARN_RANGE_LOOP_ANALYSIS = YES;
				CLANG_WARN_STRICT_PROTOTYPES = YES;
				CLANG_WARN_SUSPICIOUS_MOVE = YES;
				CLANG_WARN_UNGUARDED_AVAILABILITY = YES_AGGRESSIVE;
				CLANG_WARN_UNREACHABLE_CODE = YES;
				CLANG_WARN__DUPLICATE_METHOD_MATCH = YES;
				COPY_PHASE_STRIP = NO;
				DEBUG_INFORMATION_FORMAT = "dwarf-with-dsym";
				ENABLE_NS_ASSERTIONS = NO;
				ENABLE_STRICT_OBJC_MSGSEND = YES;
				GCC_C_LANGUAGE_STANDARD = gnu11;
				GCC_NO_COMMON_BLOCKS = YES;
				GCC_WARN_64_TO_32_BIT_CONVERSION = YES;
				GCC_WARN_ABOUT_RETURN_TYPE = YES_ERROR;
				GCC_WARN_UNDECLARED_SELECTOR = YES;
				GCC_WARN_UNINITIALIZED_AUTOS = YES_AGGRESSIVE;
				GCC_WARN_UNUSED_FUNCTION = YES;
				GCC_WARN_UNUSED_VARIABLE = YES;
				IPHONEOS_DEPLOYMENT_TARGET = 16.2;
				MTL_ENABLE_DEBUG_INFO = NO;
				MTL_FAST_MATH = YES;
				SDKROOT = iphoneos;
				SWIFT_COMPILATION_MODE = wholemodule;
				SWIFT_OPTIMIZATION_LEVEL = "-O";
				VALIDATE_PRODUCT = YES;
			};
			name = Release;
		};
		2CE74A0E29CA7B4E00C98668 /* Debug */ = {
			isa = XCBuildConfiguration;
			buildSettings = {
				ASSETCATALOG_COMPILER_APPICON_NAME = AppIcon;
				ASSETCATALOG_COMPILER_GLOBAL_ACCENT_COLOR_NAME = AccentColor;
				CODE_SIGN_STYLE = Automatic;
				CURRENT_PROJECT_VERSION = 1;
				DEVELOPMENT_ASSET_PATHS = "\"GPACalculator/Preview Content\"";
				ENABLE_PREVIEWS = YES;
				GENERATE_INFOPLIST_FILE = YES;
				INFOPLIST_KEY_UIApplicationSceneManifest_Generation = YES;
				INFOPLIST_KEY_UIApplicationSupportsIndirectInputEvents = YES;
				INFOPLIST_KEY_UILaunchScreen_Generation = YES;
				INFOPLIST_KEY_UISupportedInterfaceOrientations_iPad = "UIInterfaceOrientationPortrait UIInterfaceOrientationPortraitUpsideDown UIInterfaceOrientationLandscapeLeft UIInterfaceOrientationLandscapeRight";
				INFOPLIST_KEY_UISupportedInterfaceOrientations_iPhone = "UIInterfaceOrientationPortrait UIInterfaceOrientationLandscapeLeft UIInterfaceOrientationLandscapeRight";
				LD_RUNPATH_SEARCH_PATHS = (
					"$(inherited)",
					"@executable_path/Frameworks",
				);
				MARKETING_VERSION = 1.0;
				PRODUCT_BUNDLE_IDENTIFIER = Team12.GPACalculator;
				PRODUCT_NAME = "$(TARGET_NAME)";
				SWIFT_EMIT_LOC_STRINGS = YES;
				SWIFT_VERSION = 5.0;
				TARGETED_DEVICE_FAMILY = "1,2";
			};
			name = Debug;
		};
		2CE74A0F29CA7B4E00C98668 /* Release */ = {
			isa = XCBuildConfiguration;
			buildSettings = {
				ASSETCATALOG_COMPILER_APPICON_NAME = AppIcon;
				ASSETCATALOG_COMPILER_GLOBAL_ACCENT_COLOR_NAME = AccentColor;
				CODE_SIGN_STYLE = Automatic;
				CURRENT_PROJECT_VERSION = 1;
				DEVELOPMENT_ASSET_PATHS = "\"GPACalculator/Preview Content\"";
				ENABLE_PREVIEWS = YES;
				GENERATE_INFOPLIST_FILE = YES;
				INFOPLIST_KEY_UIApplicationSceneManifest_Generation = YES;
				INFOPLIST_KEY_UIApplicationSupportsIndirectInputEvents = YES;
				INFOPLIST_KEY_UILaunchScreen_Generation = YES;
				INFOPLIST_KEY_UISupportedInterfaceOrientations_iPad = "UIInterfaceOrientationPortrait UIInterfaceOrientationPortraitUpsideDown UIInterfaceOrientationLandscapeLeft UIInterfaceOrientationLandscapeRight";
				INFOPLIST_KEY_UISupportedInterfaceOrientations_iPhone = "UIInterfaceOrientationPortrait UIInterfaceOrientationLandscapeLeft UIInterfaceOrientationLandscapeRight";
				LD_RUNPATH_SEARCH_PATHS = (
					"$(inherited)",
					"@executable_path/Frameworks",
				);
				MARKETING_VERSION = 1.0;
				PRODUCT_BUNDLE_IDENTIFIER = Team12.GPACalculator;
				PRODUCT_NAME = "$(TARGET_NAME)";
				SWIFT_EMIT_LOC_STRINGS = YES;
				SWIFT_VERSION = 5.0;
				TARGETED_DEVICE_FAMILY = "1,2";
			};
			name = Release;
		};
/* End XCBuildConfiguration section */

/* Begin XCConfigurationList section */
		2CE749FA29CA7B4B00C98668 /* Build configuration list for PBXProject "GPACalculator" */ = {
			isa = XCConfigurationList;
			buildConfigurations = (
				2CE74A0B29CA7B4E00C98668 /* Debug */,
				2CE74A0C29CA7B4E00C98668 /* Release */,
			);
			defaultConfigurationIsVisible = 0;
			defaultConfigurationName = Release;
		};
		2CE74A0D29CA7B4E00C98668 /* Build configuration list for PBXNativeTarget "GPACalculator" */ = {
			isa = XCConfigurationList;
			buildConfigurations = (
				2CE74A0E29CA7B4E00C98668 /* Debug */,
				2CE74A0F29CA7B4E00C98668 /* Release */,
			);
			defaultConfigurationIsVisible = 0;
			defaultConfigurationName = Release;
		};
/* End XCConfigurationList section */
	};
	rootObject = 2CE749F729CA7B4B00C98668 /* Project object */;
}
